<?xml version="1.0" encoding="utf-8"?>
<Project ToolsVersion="4.0" xmlns="http://schemas.microsoft.com/developer/msbuild/2003">
  <ItemGroup>
    <Filter Include="Source Files">
      <UniqueIdentifier>{4FC737F1-C7A5-4376-A066-2A32D752A2FF}</UniqueIdentifier>
      <Extensions>cpp;c;cc;cxx;def;odl;idl;hpj;bat;asm;asmx</Extensions>
    </Filter>
    <Filter Include="Header Files">
      <UniqueIdentifier>{93995380-89BD-4b04-88EB-625FBE52EBFB}</UniqueIdentifier>
      <Extensions>h;hh;hpp;hxx;hm;inl;inc;ipp;xsd</Extensions>
    </Filter>
    <Filter Include="Resource Files">
      <UniqueIdentifier>{67DA6AB6-F800-4c08-8B7A-83BB121AAD01}</UniqueIdentifier>
      <Extensions>rc;ico;cur;bmp;dlg;rc2;rct;bin;rgs;gif;jpg;jpeg;jpe;resx;tiff;tif;png;wav;mfcribbon-ms</Extensions>
    </Filter>
  </ItemGroup>
  <ItemGroup>
    <ClCompile Include="Main.cpp">
      <Filter>Source Files</Filter>
    </ClCompile>
    <ClCompile Include="AnimCursor.cpp">
      <Filter>Source Files</Filter>
    </ClCompile>
    <ClCompile Include="Events.cpp">
      <Filter>Source Files</Filter>
    </ClCompile>
    <ClCompile Include="Environ.cpp">
      <Filter>Source Files</Filter>
    </ClCompile>
    <ClCompile Include="Prefs.cpp">
      <Filter>Source Files</Filter>
    </ClCompile>
    <ClCompile Include="StringUtils.cpp">
      <Filter>Source Files</Filter>
    </ClCompile>
    <ClCompile Include="Utilities.cpp">
      <Filter>Source Files</Filter>
    </ClCompile>
    <ClCompile Include="AppleEvents.cpp">
      <Filter>Source Files</Filter>
    </ClCompile>
    <ClCompile Include="House.cpp">
      <Filter>Source Files</Filter>
    </ClCompile>
    <ClCompile Include="HouseIO.cpp">
      <Filter>Source Files</Filter>
    </ClCompile>
    <ClCompile Include="InterfaceInit.cpp">
      <Filter>Source Files</Filter>
    </ClCompile>
    <ClCompile Include="MainWindow.cpp">
      <Filter>Source Files</Filter>
    </ClCompile>
    <ClCompile Include="Marquee.cpp">
      <Filter>Source Files</Filter>
    </ClCompile>
    <ClCompile Include="Music.cpp">
      <Filter>Source Files</Filter>
    </ClCompile>
    <ClCompile Include="SelectHouse.cpp">
      <Filter>Source Files</Filter>
    </ClCompile>
    <ClCompile Include="Sound.cpp">
      <Filter>Source Files</Filter>
    </ClCompile>
    <ClCompile Include="StructuresInit2.cpp">
      <Filter>Source Files</Filter>
    </ClCompile>
    <ClCompile Include="Player.cpp">
      <Filter>Source Files</Filter>
    </ClCompile>
    <ClCompile Include="HighScores.cpp">
      <Filter>Source Files</Filter>
    </ClCompile>
    <ClCompile Include="Settings.cpp">
      <Filter>Source Files</Filter>
    </ClCompile>
    <ClCompile Include="RoomGraphics.cpp">
      <Filter>Source Files</Filter>
    </ClCompile>
    <ClCompile Include="Map.cpp">
      <Filter>Source Files</Filter>
    </ClCompile>
    <ClCompile Include="Tools.cpp">
      <Filter>Source Files</Filter>
    </ClCompile>
    <ClCompile Include="Coordinates.cpp">
      <Filter>Source Files</Filter>
    </ClCompile>
    <ClCompile Include="Link.cpp">
      <Filter>Source Files</Filter>
    </ClCompile>
    <ClCompile Include="HouseLegal.cpp">
      <Filter>Source Files</Filter>
    </ClCompile>
    <ClCompile Include="Input.cpp">
      <Filter>Source Files</Filter>
    </ClCompile>
    <ClCompile Include="Room.cpp">
      <Filter>Source Files</Filter>
    </ClCompile>
    <ClCompile Include="Play.cpp">
      <Filter>Source Files</Filter>
    </ClCompile>
    <ClCompile Include="WindowUtils.cpp">
      <Filter>Source Files</Filter>
    </ClCompile>
    <ClCompile Include="Menu.cpp">
      <Filter>Source Files</Filter>
    </ClCompile>
    <ClCompile Include="ObjectEdit.cpp">
      <Filter>Source Files</Filter>
    </ClCompile>
    <ClCompile Include="RoomInfo.cpp">
      <Filter>Source Files</Filter>
    </ClCompile>
    <ClCompile Include="FileError.cpp">
      <Filter>Source Files</Filter>
    </ClCompile>
    <ClCompile Include="Objects.cpp">
      <Filter>Source Files</Filter>
    </ClCompile>
    <ClCompile Include="Banner.cpp">
      <Filter>Source Files</Filter>
    </ClCompile>
    <ClCompile Include="RectUtils.cpp">
      <Filter>Source Files</Filter>
    </ClCompile>
    <ClCompile Include="Render.cpp">
      <Filter>Source Files</Filter>
    </ClCompile>
    <ClCompile Include="ObjectAdd.cpp">
      <Filter>Source Files</Filter>
    </ClCompile>
    <ClCompile Include="ColorUtils.cpp">
      <Filter>Source Files</Filter>
    </ClCompile>
    <ClCompile Include="DialogUtils.cpp">
      <Filter>Source Files</Filter>
    </ClCompile>
    <ClCompile Include="StructuresInit.cpp">
      <Filter>Source Files</Filter>
    </ClCompile>
    <ClCompile Include="GameOver.cpp">
      <Filter>Source Files</Filter>
    </ClCompile>
    <ClCompile Include="DynamicMaps.cpp">
      <Filter>Source Files</Filter>
    </ClCompile>
    <ClCompile Include="Grease.cpp">
      <Filter>Source Files</Filter>
    </ClCompile>
    <ClCompile Include="Dynamics.cpp">
      <Filter>Source Files</Filter>
    </ClCompile>
    <ClCompile Include="RubberBands.cpp">
      <Filter>Source Files</Filter>
    </ClCompile>
    <ClCompile Include="Dynamics3.cpp">
      <Filter>Source Files</Filter>
    </ClCompile>
    <ClCompile Include="Interactions.cpp">
      <Filter>Source Files</Filter>
    </ClCompile>
    <ClCompile Include="Modes.cpp">
      <Filter>Source Files</Filter>
    </ClCompile>
    <ClCompile Include="Scoreboard.cpp">
      <Filter>Source Files</Filter>
    </ClCompile>
    <ClCompile Include="Transit.cpp">
      <Filter>Source Files</Filter>
    </ClCompile>
    <ClCompile Include="SavedGames.cpp">
      <Filter>Source Files</Filter>
    </ClCompile>
    <ClCompile Include="ObjectDrawAll.cpp">
      <Filter>Source Files</Filter>
    </ClCompile>
    <ClCompile Include="Trip.cpp">
      <Filter>Source Files</Filter>
    </ClCompile>
    <ClCompile Include="Triggers.cpp">
      <Filter>Source Files</Filter>
    </ClCompile>
    <ClCompile Include="ObjectRects.cpp">
      <Filter>Source Files</Filter>
    </ClCompile>
    <ClCompile Include="Transitions.cpp">
      <Filter>Source Files</Filter>
    </ClCompile>
    <ClCompile Include="About.cpp">
      <Filter>Source Files</Filter>
    </ClCompile>
    <ClCompile Include="HouseInfo.cpp">
      <Filter>Source Files</Filter>
    </ClCompile>
    <ClCompile Include="ObjectInfo.cpp">
      <Filter>Source Files</Filter>
    </ClCompile>
    <ClCompile Include="ObjectDraw.cpp">
      <Filter>Source Files</Filter>
    </ClCompile>
    <ClCompile Include="ObjectDraw2.cpp">
      <Filter>Source Files</Filter>
    </ClCompile>
    <ClCompile Include="Dynamics2.cpp">
      <Filter>Source Files</Filter>
    </ClCompile>
    <ClCompile Include="GpAppInterface.cpp">
      <Filter>Source Files</Filter>
    </ClCompile>
    <ClCompile Include="SoundSync_Win32.cpp">
      <Filter>Source Files</Filter>
    </ClCompile>
    <ClCompile Include="Scrap.cpp">
      <Filter>Source Files</Filter>
    </ClCompile>
    <ClCompile Include="SourceExport.cpp">
      <Filter>Source Files</Filter>
    </ClCompile>
    <ClCompile Include="MainMenuUI.cpp">
      <Filter>Source Files</Filter>
    </ClCompile>
  </ItemGroup>
  <ItemGroup>
    <ClInclude Include="SoundSync.h">
      <Filter>Header Files</Filter>
    </ClInclude>
    <ClInclude Include="About.h">
      <Filter>Header Files</Filter>
    </ClInclude>
    <ClInclude Include="DialogUtils.h">
      <Filter>Header Files</Filter>
    </ClInclude>
    <ClInclude Include="DynamicMaps.h">
      <Filter>Header Files</Filter>
    </ClInclude>
    <ClInclude Include="Environ.h">
      <Filter>Header Files</Filter>
    </ClInclude>
    <ClInclude Include="Externs.h">
      <Filter>Header Files</Filter>
    </ClInclude>
    <ClInclude Include="GameOver.h">
      <Filter>Header Files</Filter>
    </ClInclude>
    <ClInclude Include="GliderDefines.h">
      <Filter>Header Files</Filter>
    </ClInclude>
    <ClInclude Include="GliderProtos.h">
      <Filter>Header Files</Filter>
    </ClInclude>
    <ClInclude Include="GliderStructs.h">
      <Filter>Header Files</Filter>
    </ClInclude>
    <ClInclude Include="GliderVars.h">
      <Filter>Header Files</Filter>
    </ClInclude>
    <ClInclude Include="House.h">
      <Filter>Header Files</Filter>
    </ClInclude>
    <ClInclude Include="MainWindow.h">
      <Filter>Header Files</Filter>
    </ClInclude>
    <ClInclude Include="Map.h">
      <Filter>Header Files</Filter>
    </ClInclude>
    <ClInclude Include="Marquee.h">
      <Filter>Header Files</Filter>
    </ClInclude>
    <ClInclude Include="ObjectEdit.h">
      <Filter>Header Files</Filter>
    </ClInclude>
    <ClInclude Include="Objects.h">
      <Filter>Header Files</Filter>
    </ClInclude>
    <ClInclude Include="Play.h">
      <Filter>Header Files</Filter>
    </ClInclude>
    <ClInclude Include="Player.h">
      <Filter>Header Files</Filter>
    </ClInclude>
    <ClInclude Include="Prefix.h">
      <Filter>Header Files</Filter>
    </ClInclude>
    <ClInclude Include="RectUtils.h">
      <Filter>Header Files</Filter>
    </ClInclude>
    <ClInclude Include="Room.h">
      <Filter>Header Files</Filter>
    </ClInclude>
    <ClInclude Include="RoomGraphics.h">
      <Filter>Header Files</Filter>
    </ClInclude>
    <ClInclude Include="RubberBands.h">
      <Filter>Header Files</Filter>
    </ClInclude>
    <ClInclude Include="Scoreboard.h">
      <Filter>Header Files</Filter>
    </ClInclude>
    <ClInclude Include="Tools.h">
      <Filter>Header Files</Filter>
    </ClInclude>
    <ClInclude Include="Utilities.h">
      <Filter>Header Files</Filter>
    </ClInclude>
    <ClInclude Include="MainMenuUI.h">
      <Filter>Header Files</Filter>
    </ClInclude>
  </ItemGroup>
</Project>