<?xml version="1.0" encoding="utf-8"?>
<Project ToolsVersion="4.0" xmlns="http://schemas.microsoft.com/developer/msbuild/2003">
  <ItemGroup>
    <Filter Include="Source Files">
      <UniqueIdentifier>{4FC737F1-C7A5-4376-A066-2A32D752A2FF}</UniqueIdentifier>
      <Extensions>cpp;c;cc;cxx;def;odl;idl;hpj;bat;asm;asmx</Extensions>
    </Filter>
    <Filter Include="Header Files">
      <UniqueIdentifier>{93995380-89BD-4b04-88EB-625FBE52EBFB}</UniqueIdentifier>
      <Extensions>h;hh;hpp;hxx;hm;inl;inc;ipp;xsd</Extensions>
    </Filter>
    <Filter Include="Resource Files">
      <UniqueIdentifier>{67DA6AB6-F800-4c08-8B7A-83BB121AAD01}</UniqueIdentifier>
      <Extensions>rc;ico;cur;bmp;dlg;rc2;rct;bin;rgs;gif;jpg;jpeg;jpe;resx;tiff;tif;png;wav;mfcribbon-ms</Extensions>
    </Filter>
  </ItemGroup>
  <ItemGroup>
    <ClCompile Include="GpMain_Win32.cpp">
      <Filter>Source Files</Filter>
    </ClCompile>
    <ClCompile Include="GpMain.cpp">
      <Filter>Source Files</Filter>
    </ClCompile>
    <ClCompile Include="GpDisplayDriverFactory.cpp">
      <Filter>Source Files</Filter>
    </ClCompile>
    <ClCompile Include="GpGlobalConfig.cpp">
      <Filter>Source Files</Filter>
    </ClCompile>
    <ClCompile Include="GpAppEnvironment.cpp">
      <Filter>Source Files</Filter>
    </ClCompile>
    <ClCompile Include="GpFileSystem_Win32.cpp">
      <Filter>Source Files</Filter>
    </ClCompile>
    <ClCompile Include="GpMemoryBuffer.cpp">
      <Filter>Source Files</Filter>
    </ClCompile>
    <ClCompile Include="GpPLGlueDisplayDriver.cpp">
      <Filter>Source Files</Filter>
    </ClCompile>
    <ClCompile Include="GpFileStream_Win32.cpp">
      <Filter>Source Files</Filter>
    </ClCompile>
    <ClCompile Include="GpSystemServices_Win32.cpp">
      <Filter>Source Files</Filter>
    </ClCompile>
    <ClCompile Include="GpFiberStarter_Win32.cpp">
      <Filter>Source Files</Filter>
    </ClCompile>
    <ClCompile Include="GpFiber_Win32.cpp">
      <Filter>Source Files</Filter>
    </ClCompile>
    <ClCompile Include="GpPLGlueAudioDriver.cpp">
      <Filter>Source Files</Filter>
    </ClCompile>
    <ClCompile Include="GpAudioDriverFactory.cpp">
      <Filter>Source Files</Filter>
    </ClCompile>
    <ClCompile Include="GpPLGlueAudioChannel.cpp">
      <Filter>Source Files</Filter>
    </ClCompile>
    <ClCompile Include="GpMutex_Win32.cpp">
      <Filter>Source Files</Filter>
    </ClCompile>
    <ClCompile Include="GpThreadEvent_Win32.cpp">
      <Filter>Source Files</Filter>
    </ClCompile>
    <ClCompile Include="GpFontHandlerFactory.cpp">
      <Filter>Source Files</Filter>
    </ClCompile>
    <ClCompile Include="GpFontHandler_FreeType2.cpp">
      <Filter>Source Files</Filter>
    </ClCompile>
    <ClCompile Include="GpVOSEventQueue.cpp">
      <Filter>Source Files</Filter>
    </ClCompile>
    <ClCompile Include="GpColorCursor_Win32.cpp">
      <Filter>Source Files</Filter>
    </ClCompile>
    <ClCompile Include="GpInputDriverFactory.cpp">
      <Filter>Source Files</Filter>
    </ClCompile>
  </ItemGroup>
  <ItemGroup>
    <ClInclude Include="GpWindows.h">
      <Filter>Header Files</Filter>
    </ClInclude>
    <ClInclude Include="GpDisplayDriverFactory.h">
      <Filter>Header Files</Filter>
    </ClInclude>
    <ClInclude Include="IGpDisplayDriver.h">
      <Filter>Header Files</Filter>
    </ClInclude>
    <ClInclude Include="GpMain.h">
      <Filter>Header Files</Filter>
    </ClInclude>
    <ClInclude Include="GpGlobalConfig.h">
      <Filter>Header Files</Filter>
    </ClInclude>
    <ClInclude Include="GpAppEnvironment.h">
      <Filter>Header Files</Filter>
    </ClInclude>
    <ClInclude Include="GpCoreDefs.h">
      <Filter>Header Files</Filter>
    </ClInclude>
    <ClInclude Include="GpRingBuffer.h">
      <Filter>Header Files</Filter>
    </ClInclude>
    <ClInclude Include="GpFileSystem_Win32.h">
      <Filter>Header Files</Filter>
    </ClInclude>
    <ClInclude Include="GpMemoryBuffer.h">
      <Filter>Header Files</Filter>
    </ClInclude>
    <ClInclude Include="GpPLGlueDisplayDriver.h">
      <Filter>Header Files</Filter>
    </ClInclude>
    <ClInclude Include="GpFileStream_Win32.h">
      <Filter>Header Files</Filter>
    </ClInclude>
    <ClInclude Include="GpSystemServices_Win32.h">
      <Filter>Header Files</Filter>
    </ClInclude>
    <ClInclude Include="GpFiberStarter.h">
      <Filter>Header Files</Filter>
    </ClInclude>
    <ClInclude Include="GpFiber_Win32.h">
      <Filter>Header Files</Filter>
    </ClInclude>
    <ClInclude Include="GpFiber.h">
      <Filter>Header Files</Filter>
    </ClInclude>
    <ClInclude Include="IGpAudioDriver.h">
      <Filter>Header Files</Filter>
    </ClInclude>
    <ClInclude Include="GpAudioDriverFactory.h">
      <Filter>Header Files</Filter>
    </ClInclude>
    <ClInclude Include="GpPLGlueAudioDriver.h">
      <Filter>Header Files</Filter>
    </ClInclude>
    <ClInclude Include="GpPLGlueAudioChannel.h">
      <Filter>Header Files</Filter>
    </ClInclude>
    <ClInclude Include="IGpAudioChannel.h">
      <Filter>Header Files</Filter>
    </ClInclude>
    <ClInclude Include="GpMutex_Win32.h">
      <Filter>Header Files</Filter>
    </ClInclude>
    <ClInclude Include="GpThreadEvent_Win32.h">
      <Filter>Header Files</Filter>
    </ClInclude>
    <ClInclude Include="..\GpCommon\IGpAudioChannelCallbacks.h">
      <Filter>Header Files</Filter>
    </ClInclude>
    <ClInclude Include="GpFontHandlerFactory.h">
      <Filter>Header Files</Filter>
    </ClInclude>
    <ClInclude Include="GpFontHandler_FreeType2.h">
      <Filter>Header Files</Filter>
    </ClInclude>
    <ClInclude Include="GpVOSEventQueue.h">
      <Filter>Header Files</Filter>
    </ClInclude>
    <ClInclude Include="..\GpCommon\IGpDisplayDriverSurface.h">
      <Filter>Header Files</Filter>
    </ClInclude>
    <ClInclude Include="GpComPtr.h">
      <Filter>Header Files</Filter>
    </ClInclude>
    <ClInclude Include="..\GpCommon\IGpColorCursor.h">
      <Filter>Header Files</Filter>
    </ClInclude>
    <ClInclude Include="..\GpCommon\GpColorCursor_Win32.h">
      <Filter>Header Files</Filter>
    </ClInclude>
    <ClInclude Include="..\GpCommon\EGpStandardCursor.h">
      <Filter>Header Files</Filter>
    </ClInclude>
    <ClInclude Include="resource.h">
      <Filter>Header Files</Filter>
    </ClInclude>
    <ClInclude Include="GpInputDriverFactory.h">
      <Filter>Header Files</Filter>
    </ClInclude>
    <ClInclude Include="..\GpCommon\EGpInputDriverType.h">
      <Filter>Header Files</Filter>
    </ClInclude>
    <ClInclude Include="..\GpCommon\GpInputDriverProperties.h">
      <Filter>Header Files</Filter>
    </ClInclude>
    <ClInclude Include="..\GpCommon\GpDisplayDriverTickStatus.h">
      <Filter>Header Files</Filter>
    </ClInclude>
    <ClInclude Include="..\GpCommon\GpFileCreationDisposition.h">
      <Filter>Header Files</Filter>
    </ClInclude>
  </ItemGroup>
  <ItemGroup>
    <ResourceCompile Include="GpD3D.rc">
      <Filter>Resource Files</Filter>
    </ResourceCompile>
  </ItemGroup>
  <ItemGroup>
    <Image Include="ConvertedResources\Large128.ico">
      <Filter>Resource Files</Filter>
    </Image>
    <Image Include="ConvertedResources\Small128.ico">
      <Filter>Resource Files</Filter>
    </Image>
  </ItemGroup>
</Project>