
Microsoft Visual Studio Solution File, Format Version 12.00
# Visual Studio 15
VisualStudioVersion = 15.0.27130.2020
MinimumVisualStudioVersion = 10.0.40219.1
Project("{8BC9CEB8-8B4A-11D0-8D11-00A0C91BC942}") = "hqx2bin", "hqx2bin\hqx2bin.vcxproj", "{45B1B18C-C846-4044-9206-74F58DFC5E88}"
EndProject
Project("{8BC9CEB8-8B4A-11D0-8D11-00A0C91BC942}") = "PortabilityLayer", "PortabilityLayer\PortabilityLayer.vcxproj", "{6EC62B0F-9353-40A4-A510-3788F1368B33}"
EndProject
Project("{8BC9CEB8-8B4A-11D0-8D11-00A0C91BC942}") = "MiniRez", "MiniRez\MiniRez.vcxproj", "{2FF15659-5C72-48B8-B55B-3C658E4125B5}"
EndProject
Project("{8BC9CEB8-8B4A-11D0-8D11-00A0C91BC942}") = "GpApp", "GpApp\GpApp.vcxproj", "{6233C3F2-5781-488E-B190-4FA8836F5A77}"
EndProject
Project("{8BC9CEB8-8B4A-11D0-8D11-00A0C91BC942}") = "hqx2gp", "hqx2gp\hqx2gp.vcxproj", "{5FDE4822-C771-46A5-B6B2-FD12BACE86BF}"
EndProject
Project("{8BC9CEB8-8B4A-11D0-8D11-00A0C91BC942}") = "GpAudioDriver_XAudio2", "GpAudioDriver_XAudio2\GpAudioDriver_XAudio2.vcxproj", "{E3BDC783-8646-433E-ADF0-8B6390D36669}"
EndProject
Project("{8BC9CEB8-8B4A-11D0-8D11-00A0C91BC942}") = "FTagData", "FTagData\FTagData.vcxproj", "{A8FCDC5E-729C-4A80-BF9F-B669C52B2AE3}"
EndProject
Project("{8BC9CEB8-8B4A-11D0-8D11-00A0C91BC942}") = "FreeType", "FreeType\FreeType.vcxproj", "{487216D8-16BA-4B4C-B5BF-43FEEDFEE03A}"
EndProject
Project("{8BC9CEB8-8B4A-11D0-8D11-00A0C91BC942}") = "CompileShadersD3D11", "CompileShadersD3D11\CompileShadersD3D11.vcxproj", "{ED2F91E1-673A-4590-82B2-EB157927D3E3}"
EndProject
Project("{8BC9CEB8-8B4A-11D0-8D11-00A0C91BC942}") = "ConvertColorCursors", "ConvertColorCursors\ConvertColorCursors.vcxproj", "{B852D549-4020-4477-8BFB-E199FF78B047}"
EndProject
Project("{8BC9CEB8-8B4A-11D0-8D11-00A0C91BC942}") = "GpDisplayDriver_D3D11", "GpDisplayDriver_D3D11\GpDisplayDriver_D3D11.vcxproj", "{FFC961AC-55B4-4A38-A83E-06AE98F59ACC}"
EndProject
Project("{8BC9CEB8-8B4A-11D0-8D11-00A0C91BC942}") = "GpInputDriver_XInput", "GpInputDriver_XInput\GpInputDriver_XInput.vcxproj", "{17B96F07-EF92-47CD-95A5-8E6EE38AB564}"
EndProject
Project("{8BC9CEB8-8B4A-11D0-8D11-00A0C91BC942}") = "Aerofoil", "Aerofoil\Aerofoil.vcxproj", "{0E383EF0-CEF7-4733-87C6-5AC9844AA1EF}"
EndProject
Project("{8BC9CEB8-8B4A-11D0-8D11-00A0C91BC942}") = "MacRomanConversion", "MacRomanConversion\MacRomanConversion.vcxproj", "{07351A8E-1F79-42C9-BBAB-31F071EAA99E}"
EndProject
Project("{8BC9CEB8-8B4A-11D0-8D11-00A0C91BC942}") = "gpr2gpa", "gpr2gpa\gpr2gpa.vcxproj", "{27B7CA46-ED23-45C2-BF5F-0C126D81AEBF}"
EndProject
Project("{8BC9CEB8-8B4A-11D0-8D11-00A0C91BC942}") = "zlib", "zlib\zlib.vcxproj", "{6AE5C85E-6631-4A12-97A0-A05F812FE9CA}"
EndProject
Project("{8BC9CEB8-8B4A-11D0-8D11-00A0C91BC942}") = "bin2gp", "bin2gp\bin2gp.vcxproj", "{D7BFE702-0667-4155-9B0B-2A54DF9AE60B}"
EndProject
Project("{8BC9CEB8-8B4A-11D0-8D11-00A0C91BC942}") = "MakeTimestamp", "MakeTimestamp\MakeTimestamp.vcxproj", "{9023DF2F-A33D-485A-B13D-0973348B2F9B}"
EndProject
Project("{8BC9CEB8-8B4A-11D0-8D11-00A0C91BC942}") = "flattenmov", "flattenmov\flattenmov.vcxproj", "{89F8D13E-F216-4B67-8DE9-7F842D349E94}"
EndProject
Project("{8BC9CEB8-8B4A-11D0-8D11-00A0C91BC942}") = "unpacktool", "unpacktool\unpacktool.vcxproj", "{A778D062-DE76-49F6-8D05-EB26852DD605}"
EndProject
Project("{930C7802-8A8C-48F9-8165-68863BCCD9DD}") = "ReleasePackageInstaller", "ReleasePackageInstaller\ReleasePackageInstaller.wixproj", "{D26BD501-28A7-4849-8130-FB5EA0A2B82F}"
	ProjectSection(ProjectDependencies) = postProject
		{7EFF1E21-C375-45EA-A069-4E2232C8A72B} = {7EFF1E21-C375-45EA-A069-4E2232C8A72B}
		{B852D549-4020-4477-8BFB-E199FF78B047} = {B852D549-4020-4477-8BFB-E199FF78B047}
		{2FF15659-5C72-48B8-B55B-3C658E4125B5} = {2FF15659-5C72-48B8-B55B-3C658E4125B5}
		{36DAF5FA-6ADB-4F20-9810-1610DE0AE653} = {36DAF5FA-6ADB-4F20-9810-1610DE0AE653}
	EndProjectSection
EndProject
Project("{8BC9CEB8-8B4A-11D0-8D11-00A0C91BC942}") = "WindowsUnicodeToolShim", "WindowsUnicodeToolShim\WindowsUnicodeToolShim.vcxproj", "{15009625-1120-405E-8BBA-69A16CD6713D}"
EndProject
Project("{8BC9CEB8-8B4A-11D0-8D11-00A0C91BC942}") = "EmitWiXVersion", "EmitWiXVersion\EmitWiXVersion.vcxproj", "{7EFF1E21-C375-45EA-A069-4E2232C8A72B}"
EndProject
Project("{8BC9CEB8-8B4A-11D0-8D11-00A0C91BC942}") = "GpShell", "GpShell\GpShell.vcxproj", "{10CF9B5F-61D0-4B5B-89F4-810B58FC053D}"
EndProject
Project("{8BC9CEB8-8B4A-11D0-8D11-00A0C91BC942}") = "GpFontHandler_FreeType2", "GpFontHandler_FreeType2\GpFontHandler_FreeType2.vcxproj", "{4B564030-8985-4975-91E1-E1B2C16AE2A1}"
EndProject
Project("{8BC9CEB8-8B4A-11D0-8D11-00A0C91BC942}") = "AerofoilSDL", "AerofoilSDL\AerofoilSDL.vcxproj", "{33542FF0-0473-4802-BC79-3B8261790F65}"
EndProject
Project("{8BC9CEB8-8B4A-11D0-8D11-00A0C91BC942}") = "MergeGPF", "MergeGPF\MergeGPF.vcxproj", "{36DAF5FA-6ADB-4F20-9810-1610DE0AE653}"
EndProject
Project("{8BC9CEB8-8B4A-11D0-8D11-00A0C91BC942}") = "GenerateFonts", "GenerateFonts\GenerateFonts.vcxproj", "{3B7FD18D-7A50-4DF5-AC25-543E539BFACE}"
EndProject
Project("{8BC9CEB8-8B4A-11D0-8D11-00A0C91BC942}") = "bin2h", "bin2h\bin2h.vcxproj", "{D045F28D-F245-44DD-B576-CC91BF3BE6E9}"
EndProject
Global
	GlobalSection(SolutionConfigurationPlatforms) = preSolution
		Debug|x64 = Debug|x64
		Release|x64 = Release|x64
	EndGlobalSection
	GlobalSection(ProjectConfigurationPlatforms) = postSolution
		{45B1B18C-C846-4044-9206-74F58DFC5E88}.Debug|x64.ActiveCfg = Debug|x64
		{45B1B18C-C846-4044-9206-74F58DFC5E88}.Debug|x64.Build.0 = Debug|x64
		{45B1B18C-C846-4044-9206-74F58DFC5E88}.Release|x64.ActiveCfg = Release|x64
		{45B1B18C-C846-4044-9206-74F58DFC5E88}.Release|x64.Build.0 = Release|x64
		{6EC62B0F-9353-40A4-A510-3788F1368B33}.Debug|x64.ActiveCfg = Debug|x64
		{6EC62B0F-9353-40A4-A510-3788F1368B33}.Debug|x64.Build.0 = Debug|x64
		{6EC62B0F-9353-40A4-A510-3788F1368B33}.Release|x64.ActiveCfg = Release|x64
		{6EC62B0F-9353-40A4-A510-3788F1368B33}.Release|x64.Build.0 = Release|x64
		{2FF15659-5C72-48B8-B55B-3C658E4125B5}.Debug|x64.ActiveCfg = Debug|x64
		{2FF15659-5C72-48B8-B55B-3C658E4125B5}.Debug|x64.Build.0 = Debug|x64
		{2FF15659-5C72-48B8-B55B-3C658E4125B5}.Release|x64.ActiveCfg = Release|x64
		{2FF15659-5C72-48B8-B55B-3C658E4125B5}.Release|x64.Build.0 = Release|x64
		{6233C3F2-5781-488E-B190-4FA8836F5A77}.Debug|x64.ActiveCfg = Debug|x64
		{6233C3F2-5781-488E-B190-4FA8836F5A77}.Debug|x64.Build.0 = Debug|x64
		{6233C3F2-5781-488E-B190-4FA8836F5A77}.Release|x64.ActiveCfg = Release|x64
		{6233C3F2-5781-488E-B190-4FA8836F5A77}.Release|x64.Build.0 = Release|x64
		{5FDE4822-C771-46A5-B6B2-FD12BACE86BF}.Debug|x64.ActiveCfg = Debug|x64
		{5FDE4822-C771-46A5-B6B2-FD12BACE86BF}.Debug|x64.Build.0 = Debug|x64
		{5FDE4822-C771-46A5-B6B2-FD12BACE86BF}.Release|x64.ActiveCfg = Release|x64
		{5FDE4822-C771-46A5-B6B2-FD12BACE86BF}.Release|x64.Build.0 = Release|x64
		{E3BDC783-8646-433E-ADF0-8B6390D36669}.Debug|x64.ActiveCfg = Debug|x64
		{E3BDC783-8646-433E-ADF0-8B6390D36669}.Debug|x64.Build.0 = Debug|x64
		{E3BDC783-8646-433E-ADF0-8B6390D36669}.Release|x64.ActiveCfg = Release|x64
		{E3BDC783-8646-433E-ADF0-8B6390D36669}.Release|x64.Build.0 = Release|x64
		{A8FCDC5E-729C-4A80-BF9F-B669C52B2AE3}.Debug|x64.ActiveCfg = Debug|x64
		{A8FCDC5E-729C-4A80-BF9F-B669C52B2AE3}.Debug|x64.Build.0 = Debug|x64
		{A8FCDC5E-729C-4A80-BF9F-B669C52B2AE3}.Release|x64.ActiveCfg = Release|x64
		{A8FCDC5E-729C-4A80-BF9F-B669C52B2AE3}.Release|x64.Build.0 = Release|x64
		{487216D8-16BA-4B4C-B5BF-43FEEDFEE03A}.Debug|x64.ActiveCfg = Debug|x64
		{487216D8-16BA-4B4C-B5BF-43FEEDFEE03A}.Debug|x64.Build.0 = Debug|x64
		{487216D8-16BA-4B4C-B5BF-43FEEDFEE03A}.Release|x64.ActiveCfg = Release|x64
		{487216D8-16BA-4B4C-B5BF-43FEEDFEE03A}.Release|x64.Build.0 = Release|x64
		{ED2F91E1-673A-4590-82B2-EB157927D3E3}.Debug|x64.ActiveCfg = Debug|x64
		{ED2F91E1-673A-4590-82B2-EB157927D3E3}.Debug|x64.Build.0 = Debug|x64
		{ED2F91E1-673A-4590-82B2-EB157927D3E3}.Release|x64.ActiveCfg = Release|x64
		{ED2F91E1-673A-4590-82B2-EB157927D3E3}.Release|x64.Build.0 = Release|x64
		{B852D549-4020-4477-8BFB-E199FF78B047}.Debug|x64.ActiveCfg = Debug|x64
		{B852D549-4020-4477-8BFB-E199FF78B047}.Debug|x64.Build.0 = Debug|x64
		{B852D549-4020-4477-8BFB-E199FF78B047}.Release|x64.ActiveCfg = Release|x64
		{B852D549-4020-4477-8BFB-E199FF78B047}.Release|x64.Build.0 = Release|x64
		{FFC961AC-55B4-4A38-A83E-06AE98F59ACC}.Debug|x64.ActiveCfg = Debug|x64
		{FFC961AC-55B4-4A38-A83E-06AE98F59ACC}.Debug|x64.Build.0 = Debug|x64
		{FFC961AC-55B4-4A38-A83E-06AE98F59ACC}.Release|x64.ActiveCfg = Release|x64
		{FFC961AC-55B4-4A38-A83E-06AE98F59ACC}.Release|x64.Build.0 = Release|x64
		{17B96F07-EF92-47CD-95A5-8E6EE38AB564}.Debug|x64.ActiveCfg = Debug|x64
		{17B96F07-EF92-47CD-95A5-8E6EE38AB564}.Debug|x64.Build.0 = Debug|x64
		{17B96F07-EF92-47CD-95A5-8E6EE38AB564}.Release|x64.ActiveCfg = Release|x64
		{17B96F07-EF92-47CD-95A5-8E6EE38AB564}.Release|x64.Build.0 = Release|x64
		{0E383EF0-CEF7-4733-87C6-5AC9844AA1EF}.Debug|x64.ActiveCfg = Debug|x64
		{0E383EF0-CEF7-4733-87C6-5AC9844AA1EF}.Debug|x64.Build.0 = Debug|x64
		{0E383EF0-CEF7-4733-87C6-5AC9844AA1EF}.Release|x64.ActiveCfg = Release|x64
		{0E383EF0-CEF7-4733-87C6-5AC9844AA1EF}.Release|x64.Build.0 = Release|x64
		{07351A8E-1F79-42C9-BBAB-31F071EAA99E}.Debug|x64.ActiveCfg = Debug|x64
		{07351A8E-1F79-42C9-BBAB-31F071EAA99E}.Debug|x64.Build.0 = Debug|x64
		{07351A8E-1F79-42C9-BBAB-31F071EAA99E}.Release|x64.ActiveCfg = Release|x64
		{07351A8E-1F79-42C9-BBAB-31F071EAA99E}.Release|x64.Build.0 = Release|x64
		{27B7CA46-ED23-45C2-BF5F-0C126D81AEBF}.Debug|x64.ActiveCfg = Debug|x64
		{27B7CA46-ED23-45C2-BF5F-0C126D81AEBF}.Debug|x64.Build.0 = Debug|x64
		{27B7CA46-ED23-45C2-BF5F-0C126D81AEBF}.Release|x64.ActiveCfg = Release|x64
		{27B7CA46-ED23-45C2-BF5F-0C126D81AEBF}.Release|x64.Build.0 = Release|x64
		{6AE5C85E-6631-4A12-97A0-A05F812FE9CA}.Debug|x64.ActiveCfg = Debug|x64
		{6AE5C85E-6631-4A12-97A0-A05F812FE9CA}.Debug|x64.Build.0 = Debug|x64
		{6AE5C85E-6631-4A12-97A0-A05F812FE9CA}.Release|x64.ActiveCfg = Release|x64
		{6AE5C85E-6631-4A12-97A0-A05F812FE9CA}.Release|x64.Build.0 = Release|x64
		{D7BFE702-0667-4155-9B0B-2A54DF9AE60B}.Debug|x64.ActiveCfg = Debug|x64
		{D7BFE702-0667-4155-9B0B-2A54DF9AE60B}.Debug|x64.Build.0 = Debug|x64
		{D7BFE702-0667-4155-9B0B-2A54DF9AE60B}.Release|x64.ActiveCfg = Release|x64
		{D7BFE702-0667-4155-9B0B-2A54DF9AE60B}.Release|x64.Build.0 = Release|x64
		{9023DF2F-A33D-485A-B13D-0973348B2F9B}.Debug|x64.ActiveCfg = Debug|x64
		{9023DF2F-A33D-485A-B13D-0973348B2F9B}.Debug|x64.Build.0 = Debug|x64
		{9023DF2F-A33D-485A-B13D-0973348B2F9B}.Release|x64.ActiveCfg = Release|x64
		{9023DF2F-A33D-485A-B13D-0973348B2F9B}.Release|x64.Build.0 = Release|x64
		{89F8D13E-F216-4B67-8DE9-7F842D349E94}.Debug|x64.ActiveCfg = Debug|x64
		{89F8D13E-F216-4B67-8DE9-7F842D349E94}.Debug|x64.Build.0 = Debug|x64
		{89F8D13E-F216-4B67-8DE9-7F842D349E94}.Release|x64.ActiveCfg = Release|x64
		{89F8D13E-F216-4B67-8DE9-7F842D349E94}.Release|x64.Build.0 = Release|x64
		{A778D062-DE76-49F6-8D05-EB26852DD605}.Debug|x64.ActiveCfg = Debug|x64
		{A778D062-DE76-49F6-8D05-EB26852DD605}.Debug|x64.Build.0 = Debug|x64
		{A778D062-DE76-49F6-8D05-EB26852DD605}.Release|x64.ActiveCfg = Release|x64
		{A778D062-DE76-49F6-8D05-EB26852DD605}.Release|x64.Build.0 = Release|x64
		{D26BD501-28A7-4849-8130-FB5EA0A2B82F}.Debug|x64.ActiveCfg = Debug|x64
		{D26BD501-28A7-4849-8130-FB5EA0A2B82F}.Release|x64.ActiveCfg = Release|x64
		{15009625-1120-405E-8BBA-69A16CD6713D}.Debug|x64.ActiveCfg = Debug|x64
		{15009625-1120-405E-8BBA-69A16CD6713D}.Debug|x64.Build.0 = Debug|x64
		{15009625-1120-405E-8BBA-69A16CD6713D}.Release|x64.ActiveCfg = Release|x64
		{15009625-1120-405E-8BBA-69A16CD6713D}.Release|x64.Build.0 = Release|x64
		{7EFF1E21-C375-45EA-A069-4E2232C8A72B}.Debug|x64.ActiveCfg = Debug|x64
		{7EFF1E21-C375-45EA-A069-4E2232C8A72B}.Debug|x64.Build.0 = Debug|x64
		{7EFF1E21-C375-45EA-A069-4E2232C8A72B}.Release|x64.ActiveCfg = Release|x64
		{7EFF1E21-C375-45EA-A069-4E2232C8A72B}.Release|x64.Build.0 = Release|x64
		{10CF9B5F-61D0-4B5B-89F4-810B58FC053D}.Debug|x64.ActiveCfg = Debug|x64
		{10CF9B5F-61D0-4B5B-89F4-810B58FC053D}.Debug|x64.Build.0 = Debug|x64
		{10CF9B5F-61D0-4B5B-89F4-810B58FC053D}.Release|x64.ActiveCfg = Release|x64
		{10CF9B5F-61D0-4B5B-89F4-810B58FC053D}.Release|x64.Build.0 = Release|x64
		{4B564030-8985-4975-91E1-E1B2C16AE2A1}.Debug|x64.ActiveCfg = Debug|x64
		{4B564030-8985-4975-91E1-E1B2C16AE2A1}.Debug|x64.Build.0 = Debug|x64
		{4B564030-8985-4975-91E1-E1B2C16AE2A1}.Release|x64.ActiveCfg = Release|x64
		{4B564030-8985-4975-91E1-E1B2C16AE2A1}.Release|x64.Build.0 = Release|x64
		{33542FF0-0473-4802-BC79-3B8261790F65}.Debug|x64.ActiveCfg = Debug|x64
		{33542FF0-0473-4802-BC79-3B8261790F65}.Debug|x64.Build.0 = Debug|x64
		{33542FF0-0473-4802-BC79-3B8261790F65}.Release|x64.ActiveCfg = Release|x64
		{33542FF0-0473-4802-BC79-3B8261790F65}.Release|x64.Build.0 = Release|x64
		{36DAF5FA-6ADB-4F20-9810-1610DE0AE653}.Debug|x64.ActiveCfg = Debug|x64
		{36DAF5FA-6ADB-4F20-9810-1610DE0AE653}.Debug|x64.Build.0 = Debug|x64
		{36DAF5FA-6ADB-4F20-9810-1610DE0AE653}.Release|x64.ActiveCfg = Release|x64
		{36DAF5FA-6ADB-4F20-9810-1610DE0AE653}.Release|x64.Build.0 = Release|x64
		{3B7FD18D-7A50-4DF5-AC25-543E539BFACE}.Debug|x64.ActiveCfg = Debug|x64
		{3B7FD18D-7A50-4DF5-AC25-543E539BFACE}.Debug|x64.Build.0 = Debug|x64
		{3B7FD18D-7A50-4DF5-AC25-543E539BFACE}.Release|x64.ActiveCfg = Release|x64
		{3B7FD18D-7A50-4DF5-AC25-543E539BFACE}.Release|x64.Build.0 = Release|x64
		{D045F28D-F245-44DD-B576-CC91BF3BE6E9}.Debug|x64.ActiveCfg = Debug|x64
		{D045F28D-F245-44DD-B576-CC91BF3BE6E9}.Debug|x64.Build.0 = Debug|x64
		{D045F28D-F245-44DD-B576-CC91BF3BE6E9}.Release|x64.ActiveCfg = Release|x64
		{D045F28D-F245-44DD-B576-CC91BF3BE6E9}.Release|x64.Build.0 = Release|x64
	EndGlobalSection
	GlobalSection(SolutionProperties) = preSolution
		HideSolutionNode = FALSE
	EndGlobalSection
	GlobalSection(ExtensibilityGlobals) = postSolution
		SolutionGuid = {0D6869A7-07EB-400F-B2AD-48531564555A}
	EndGlobalSection
EndGlobal
