
Microsoft Visual Studio Solution File, Format Version 12.00
# Visual Studio 15
VisualStudioVersion = 15.0.27130.2020
MinimumVisualStudioVersion = 10.0.40219.1
Project("{8BC9CEB8-8B4A-11D0-8D11-00A0C91BC942}") = "hqx2bin", "hqx2bin\hqx2bin.vcxproj", "{45B1B18C-C846-4044-9206-74F58DFC5E88}"
EndProject
Project("{8BC9CEB8-8B4A-11D0-8D11-00A0C91BC942}") = "PortabilityLayer", "PortabilityLayer\PortabilityLayer.vcxproj", "{6EC62B0F-9353-40A4-A510-3788F1368B33}"
EndProject
Project("{8BC9CEB8-8B4A-11D0-8D11-00A0C91BC942}") = "MiniRez", "MiniRez\MiniRez.vcxproj", "{2FF15659-5C72-48B8-B55B-3C658E4125B5}"
EndProject
Project("{8BC9CEB8-8B4A-11D0-8D11-00A0C91BC942}") = "GpApp", "GpApp\GpApp.vcxproj", "{6233C3F2-5781-488E-B190-4FA8836F5A77}"
EndProject
Project("{8BC9CEB8-8B4A-11D0-8D11-00A0C91BC942}") = "GpD3D", "GpD3D\GpD3D.vcxproj", "{0E383EF0-CEF7-4733-87C6-5AC9844AA1EF}"
EndProject
Project("{8BC9CEB8-8B4A-11D0-8D11-00A0C91BC942}") = "hqx2gp", "hqx2gp\hqx2gp.vcxproj", "{5FDE4822-C771-46A5-B6B2-FD12BACE86BF}"
EndProject
Project("{8BC9CEB8-8B4A-11D0-8D11-00A0C91BC942}") = "PictChecker", "PictChecker\PictChecker.vcxproj", "{99549E56-2B3A-4B0C-9A1F-FBA6395BC96C}"
EndProject
Project("{8BC9CEB8-8B4A-11D0-8D11-00A0C91BC942}") = "GpAudioDriver_XAudio2", "GpAudioDriver_XAudio2\GpAudioDriver_XAudio2.vcxproj", "{E3BDC783-8646-433E-ADF0-8B6390D36669}"
EndProject
Project("{8BC9CEB8-8B4A-11D0-8D11-00A0C91BC942}") = "FTagData", "FTagData\FTagData.vcxproj", "{A8FCDC5E-729C-4A80-BF9F-B669C52B2AE3}"
EndProject
Global
	GlobalSection(SolutionConfigurationPlatforms) = preSolution
		Debug|x64 = Debug|x64
		Debug|x86 = Debug|x86
		Release|x64 = Release|x64
		Release|x86 = Release|x86
	EndGlobalSection
	GlobalSection(ProjectConfigurationPlatforms) = postSolution
		{45B1B18C-C846-4044-9206-74F58DFC5E88}.Debug|x64.ActiveCfg = Debug|x64
		{45B1B18C-C846-4044-9206-74F58DFC5E88}.Debug|x64.Build.0 = Debug|x64
		{45B1B18C-C846-4044-9206-74F58DFC5E88}.Debug|x86.ActiveCfg = Debug|Win32
		{45B1B18C-C846-4044-9206-74F58DFC5E88}.Debug|x86.Build.0 = Debug|Win32
		{45B1B18C-C846-4044-9206-74F58DFC5E88}.Release|x64.ActiveCfg = Release|x64
		{45B1B18C-C846-4044-9206-74F58DFC5E88}.Release|x64.Build.0 = Release|x64
		{45B1B18C-C846-4044-9206-74F58DFC5E88}.Release|x86.ActiveCfg = Release|Win32
		{45B1B18C-C846-4044-9206-74F58DFC5E88}.Release|x86.Build.0 = Release|Win32
		{6EC62B0F-9353-40A4-A510-3788F1368B33}.Debug|x64.ActiveCfg = Debug|x64
		{6EC62B0F-9353-40A4-A510-3788F1368B33}.Debug|x64.Build.0 = Debug|x64
		{6EC62B0F-9353-40A4-A510-3788F1368B33}.Debug|x86.ActiveCfg = Debug|Win32
		{6EC62B0F-9353-40A4-A510-3788F1368B33}.Debug|x86.Build.0 = Debug|Win32
		{6EC62B0F-9353-40A4-A510-3788F1368B33}.Release|x64.ActiveCfg = Release|x64
		{6EC62B0F-9353-40A4-A510-3788F1368B33}.Release|x64.Build.0 = Release|x64
		{6EC62B0F-9353-40A4-A510-3788F1368B33}.Release|x86.ActiveCfg = Release|Win32
		{6EC62B0F-9353-40A4-A510-3788F1368B33}.Release|x86.Build.0 = Release|Win32
		{2FF15659-5C72-48B8-B55B-3C658E4125B5}.Debug|x64.ActiveCfg = Debug|x64
		{2FF15659-5C72-48B8-B55B-3C658E4125B5}.Debug|x64.Build.0 = Debug|x64
		{2FF15659-5C72-48B8-B55B-3C658E4125B5}.Debug|x86.ActiveCfg = Debug|Win32
		{2FF15659-5C72-48B8-B55B-3C658E4125B5}.Debug|x86.Build.0 = Debug|Win32
		{2FF15659-5C72-48B8-B55B-3C658E4125B5}.Release|x64.ActiveCfg = Release|x64
		{2FF15659-5C72-48B8-B55B-3C658E4125B5}.Release|x64.Build.0 = Release|x64
		{2FF15659-5C72-48B8-B55B-3C658E4125B5}.Release|x86.ActiveCfg = Release|Win32
		{2FF15659-5C72-48B8-B55B-3C658E4125B5}.Release|x86.Build.0 = Release|Win32
		{6233C3F2-5781-488E-B190-4FA8836F5A77}.Debug|x64.ActiveCfg = Debug|x64
		{6233C3F2-5781-488E-B190-4FA8836F5A77}.Debug|x64.Build.0 = Debug|x64
		{6233C3F2-5781-488E-B190-4FA8836F5A77}.Debug|x86.ActiveCfg = Debug|Win32
		{6233C3F2-5781-488E-B190-4FA8836F5A77}.Debug|x86.Build.0 = Debug|Win32
		{6233C3F2-5781-488E-B190-4FA8836F5A77}.Release|x64.ActiveCfg = Release|x64
		{6233C3F2-5781-488E-B190-4FA8836F5A77}.Release|x64.Build.0 = Release|x64
		{6233C3F2-5781-488E-B190-4FA8836F5A77}.Release|x86.ActiveCfg = Release|Win32
		{6233C3F2-5781-488E-B190-4FA8836F5A77}.Release|x86.Build.0 = Release|Win32
		{0E383EF0-CEF7-4733-87C6-5AC9844AA1EF}.Debug|x64.ActiveCfg = Debug|x64
		{0E383EF0-CEF7-4733-87C6-5AC9844AA1EF}.Debug|x64.Build.0 = Debug|x64
		{0E383EF0-CEF7-4733-87C6-5AC9844AA1EF}.Debug|x86.ActiveCfg = Debug|Win32
		{0E383EF0-CEF7-4733-87C6-5AC9844AA1EF}.Debug|x86.Build.0 = Debug|Win32
		{0E383EF0-CEF7-4733-87C6-5AC9844AA1EF}.Release|x64.ActiveCfg = Release|x64
		{0E383EF0-CEF7-4733-87C6-5AC9844AA1EF}.Release|x64.Build.0 = Release|x64
		{0E383EF0-CEF7-4733-87C6-5AC9844AA1EF}.Release|x86.ActiveCfg = Release|Win32
		{0E383EF0-CEF7-4733-87C6-5AC9844AA1EF}.Release|x86.Build.0 = Release|Win32
		{5FDE4822-C771-46A5-B6B2-FD12BACE86BF}.Debug|x64.ActiveCfg = Debug|x64
		{5FDE4822-C771-46A5-B6B2-FD12BACE86BF}.Debug|x64.Build.0 = Debug|x64
		{5FDE4822-C771-46A5-B6B2-FD12BACE86BF}.Debug|x86.ActiveCfg = Debug|Win32
		{5FDE4822-C771-46A5-B6B2-FD12BACE86BF}.Debug|x86.Build.0 = Debug|Win32
		{5FDE4822-C771-46A5-B6B2-FD12BACE86BF}.Release|x64.ActiveCfg = Release|x64
		{5FDE4822-C771-46A5-B6B2-FD12BACE86BF}.Release|x64.Build.0 = Release|x64
		{5FDE4822-C771-46A5-B6B2-FD12BACE86BF}.Release|x86.ActiveCfg = Release|Win32
		{5FDE4822-C771-46A5-B6B2-FD12BACE86BF}.Release|x86.Build.0 = Release|Win32
		{99549E56-2B3A-4B0C-9A1F-FBA6395BC96C}.Debug|x64.ActiveCfg = Debug|x64
		{99549E56-2B3A-4B0C-9A1F-FBA6395BC96C}.Debug|x64.Build.0 = Debug|x64
		{99549E56-2B3A-4B0C-9A1F-FBA6395BC96C}.Debug|x86.ActiveCfg = Debug|Win32
		{99549E56-2B3A-4B0C-9A1F-FBA6395BC96C}.Debug|x86.Build.0 = Debug|Win32
		{99549E56-2B3A-4B0C-9A1F-FBA6395BC96C}.Release|x64.ActiveCfg = Release|x64
		{99549E56-2B3A-4B0C-9A1F-FBA6395BC96C}.Release|x64.Build.0 = Release|x64
		{99549E56-2B3A-4B0C-9A1F-FBA6395BC96C}.Release|x86.ActiveCfg = Release|Win32
		{99549E56-2B3A-4B0C-9A1F-FBA6395BC96C}.Release|x86.Build.0 = Release|Win32
		{E3BDC783-8646-433E-ADF0-8B6390D36669}.Debug|x64.ActiveCfg = Debug|x64
		{E3BDC783-8646-433E-ADF0-8B6390D36669}.Debug|x64.Build.0 = Debug|x64
		{E3BDC783-8646-433E-ADF0-8B6390D36669}.Debug|x86.ActiveCfg = Debug|Win32
		{E3BDC783-8646-433E-ADF0-8B6390D36669}.Debug|x86.Build.0 = Debug|Win32
		{E3BDC783-8646-433E-ADF0-8B6390D36669}.Release|x64.ActiveCfg = Release|x64
		{E3BDC783-8646-433E-ADF0-8B6390D36669}.Release|x64.Build.0 = Release|x64
		{E3BDC783-8646-433E-ADF0-8B6390D36669}.Release|x86.ActiveCfg = Release|Win32
		{E3BDC783-8646-433E-ADF0-8B6390D36669}.Release|x86.Build.0 = Release|Win32
		{A8FCDC5E-729C-4A80-BF9F-B669C52B2AE3}.Debug|x64.ActiveCfg = Debug|x64
		{A8FCDC5E-729C-4A80-BF9F-B669C52B2AE3}.Debug|x64.Build.0 = Debug|x64
		{A8FCDC5E-729C-4A80-BF9F-B669C52B2AE3}.Debug|x86.ActiveCfg = Debug|Win32
		{A8FCDC5E-729C-4A80-BF9F-B669C52B2AE3}.Debug|x86.Build.0 = Debug|Win32
		{A8FCDC5E-729C-4A80-BF9F-B669C52B2AE3}.Release|x64.ActiveCfg = Release|x64
		{A8FCDC5E-729C-4A80-BF9F-B669C52B2AE3}.Release|x64.Build.0 = Release|x64
		{A8FCDC5E-729C-4A80-BF9F-B669C52B2AE3}.Release|x86.ActiveCfg = Release|Win32
		{A8FCDC5E-729C-4A80-BF9F-B669C52B2AE3}.Release|x86.Build.0 = Release|Win32
	EndGlobalSection
	GlobalSection(SolutionProperties) = preSolution
		HideSolutionNode = FALSE
	EndGlobalSection
	GlobalSection(ExtensibilityGlobals) = postSolution
		SolutionGuid = {0D6869A7-07EB-400F-B2AD-48531564555A}
	EndGlobalSection
EndGlobal
