<?xml version="1.0" encoding="utf-8"?>
<Project ToolsVersion="4.0" xmlns="http://schemas.microsoft.com/developer/msbuild/2003">
  <ItemGroup>
    <Filter Include="Source Files">
      <UniqueIdentifier>{4FC737F1-C7A5-4376-A066-2A32D752A2FF}</UniqueIdentifier>
      <Extensions>cpp;c;cc;cxx;def;odl;idl;hpj;bat;asm;asmx</Extensions>
    </Filter>
    <Filter Include="Header Files">
      <UniqueIdentifier>{93995380-89BD-4b04-88EB-625FBE52EBFB}</UniqueIdentifier>
      <Extensions>h;hh;hpp;hxx;hm;inl;inc;xsd</Extensions>
    </Filter>
    <Filter Include="Resource Files">
      <UniqueIdentifier>{67DA6AB6-F800-4c08-8B7A-83BB121AAD01}</UniqueIdentifier>
      <Extensions>rc;ico;cur;bmp;dlg;rc2;rct;bin;rgs;gif;jpg;jpeg;jpe;resx;tiff;tif;png;wav;mfcribbon-ms</Extensions>
    </Filter>
  </ItemGroup>
  <ItemGroup>
    <ClInclude Include="RefCounted.h">
      <Filter>Header Files</Filter>
    </ClInclude>
    <ClInclude Include="CFileStream.h">
      <Filter>Header Files</Filter>
    </ClInclude>
    <ClInclude Include="IOStream.h">
      <Filter>Header Files</Filter>
    </ClInclude>
    <ClInclude Include="RCPtr.h">
      <Filter>Header Files</Filter>
    </ClInclude>
    <ClInclude Include="DataTypes.h">
      <Filter>Header Files</Filter>
    </ClInclude>
    <ClInclude Include="XModemCRC.h">
      <Filter>Header Files</Filter>
    </ClInclude>
    <ClInclude Include="MacFileMem.h">
      <Filter>Header Files</Filter>
    </ClInclude>
    <ClInclude Include="MacFileInfo.h">
      <Filter>Header Files</Filter>
    </ClInclude>
    <ClInclude Include="BinHex4.h">
      <Filter>Header Files</Filter>
    </ClInclude>
    <ClInclude Include="ScopedPtr.h">
      <Filter>Header Files</Filter>
    </ClInclude>
    <ClInclude Include="ScopedArray.h">
      <Filter>Header Files</Filter>
    </ClInclude>
    <ClInclude Include="PascalStr.h">
      <Filter>Header Files</Filter>
    </ClInclude>
    <ClInclude Include="SmallestInt.h">
      <Filter>Header Files</Filter>
    </ClInclude>
    <ClInclude Include="ByteUnpack.h">
      <Filter>Header Files</Filter>
    </ClInclude>
    <ClInclude Include="UnsafePascalStr.h">
      <Filter>Header Files</Filter>
    </ClInclude>
    <ClInclude Include="MacRsrcHeader.h">
      <Filter>Header Files</Filter>
    </ClInclude>
    <ClInclude Include="MacRsrcMap.h">
      <Filter>Header Files</Filter>
    </ClInclude>
    <ClInclude Include="MacBinary2.h">
      <Filter>Header Files</Filter>
    </ClInclude>
    <ClInclude Include="BytePack.h">
      <Filter>Header Files</Filter>
    </ClInclude>
    <ClInclude Include="PLApplication.h">
      <Filter>Header Files</Filter>
    </ClInclude>
    <ClInclude Include="PascalStrLiteral.h">
      <Filter>Header Files</Filter>
    </ClInclude>
    <ClInclude Include="PLCore.h">
      <Filter>Header Files</Filter>
    </ClInclude>
    <ClInclude Include="PLMenus.h">
      <Filter>Header Files</Filter>
    </ClInclude>
    <ClInclude Include="PLQDOffscreen.h">
      <Filter>Header Files</Filter>
    </ClInclude>
    <ClInclude Include="PLMovies.h">
      <Filter>Header Files</Filter>
    </ClInclude>
    <ClInclude Include="PLQuickdraw.h">
      <Filter>Header Files</Filter>
    </ClInclude>
    <ClInclude Include="PLMacTypes.h">
      <Filter>Header Files</Filter>
    </ClInclude>
    <ClInclude Include="PLResources.h">
      <Filter>Header Files</Filter>
    </ClInclude>
    <ClInclude Include="PLAppleEvents.h">
      <Filter>Header Files</Filter>
    </ClInclude>
    <ClInclude Include="PLToolUtils.h">
      <Filter>Header Files</Filter>
    </ClInclude>
    <ClInclude Include="PLPasStr.h">
      <Filter>Header Files</Filter>
    </ClInclude>
    <ClInclude Include="PLSound.h">
      <Filter>Header Files</Filter>
    </ClInclude>
    <ClInclude Include="PLNavigation.h">
      <Filter>Header Files</Filter>
    </ClInclude>
    <ClInclude Include="PLNumberFormatting.h">
      <Filter>Header Files</Filter>
    </ClInclude>
    <ClInclude Include="PLDialogs.h">
      <Filter>Header Files</Filter>
    </ClInclude>
    <ClInclude Include="PLAliases.h">
      <Filter>Header Files</Filter>
    </ClInclude>
    <ClInclude Include="PLStringCompare.h">
      <Filter>Header Files</Filter>
    </ClInclude>
    <ClInclude Include="PLTextUtils.h">
      <Filter>Header Files</Filter>
    </ClInclude>
    <ClInclude Include="PLFolders.h">
      <Filter>Header Files</Filter>
    </ClInclude>
    <ClInclude Include="PLScript.h">
      <Filter>Header Files</Filter>
    </ClInclude>
    <ClInclude Include="PLControlDefinitions.h">
      <Filter>Header Files</Filter>
    </ClInclude>
    <ClInclude Include="PLPalettes.h">
      <Filter>Header Files</Filter>
    </ClInclude>
    <ClInclude Include="PLLowMem.h">
      <Filter>Header Files</Filter>
    </ClInclude>
    <ClInclude Include="MemReaderStream.h">
      <Filter>Header Files</Filter>
    </ClInclude>
    <ClInclude Include="HostFileSystem.h">
      <Filter>Header Files</Filter>
    </ClInclude>
    <ClInclude Include="HostMemoryBuffer.h">
      <Filter>Header Files</Filter>
    </ClInclude>
    <ClInclude Include="ResourceFile.h">
      <Filter>Header Files</Filter>
    </ClInclude>
    <ClInclude Include="VirtualDirectory.h">
      <Filter>Header Files</Filter>
    </ClInclude>
    <ClInclude Include="ResourceManager.h">
      <Filter>Header Files</Filter>
    </ClInclude>
    <ClInclude Include="GpAppInterface.h">
      <Filter>Header Files</Filter>
    </ClInclude>
    <ClInclude Include="MemoryManager.h">
      <Filter>Header Files</Filter>
    </ClInclude>
    <ClInclude Include="MMHandleBlock.h">
      <Filter>Header Files</Filter>
    </ClInclude>
    <ClInclude Include="MMBlock.h">
      <Filter>Header Files</Filter>
    </ClInclude>
    <ClInclude Include="DisplayDeviceManager.h">
      <Filter>Header Files</Filter>
    </ClInclude>
    <ClInclude Include="HostDisplayDriver.h">
      <Filter>Header Files</Filter>
    </ClInclude>
    <ClInclude Include="PLAppleEventsCommonTypes.h">
      <Filter>Header Files</Filter>
    </ClInclude>
    <ClInclude Include="AEManager.h">
      <Filter>Header Files</Filter>
    </ClInclude>
    <ClInclude Include="AEHandlerDesc.h">
      <Filter>Header Files</Filter>
    </ClInclude>
    <ClInclude Include="ByteSwap.h">
      <Filter>Header Files</Filter>
    </ClInclude>
    <ClInclude Include="ResTypeID.h">
      <Filter>Header Files</Filter>
    </ClInclude>
    <ClInclude Include="ResTypeIDCodec.h">
      <Filter>Header Files</Filter>
    </ClInclude>
    <ClInclude Include="BinarySearch.h">
      <Filter>Header Files</Filter>
    </ClInclude>
    <ClInclude Include="PLBigEndian.h">
      <Filter>Header Files</Filter>
    </ClInclude>
    <ClInclude Include="MacFileWriteableMem.h">
      <Filter>Header Files</Filter>
    </ClInclude>
    <ClInclude Include="FileManager.h">
      <Filter>Header Files</Filter>
    </ClInclude>
    <ClInclude Include="FilePermission.h">
      <Filter>Header Files</Filter>
    </ClInclude>
    <ClInclude Include="PLErrorCodes.h">
      <Filter>Header Files</Filter>
    </ClInclude>
    <ClInclude Include="HostSystemServices.h">
      <Filter>Header Files</Filter>
    </ClInclude>
    <ClInclude Include="RandomNumberGenerator.h">
      <Filter>Header Files</Filter>
    </ClInclude>
    <ClInclude Include="HostSuspendCallID.h">
      <Filter>Header Files</Filter>
    </ClInclude>
    <ClInclude Include="HostSuspendHook.h">
      <Filter>Header Files</Filter>
    </ClInclude>
    <ClInclude Include="HostSuspendCallArgument.h">
      <Filter>Header Files</Filter>
    </ClInclude>
    <ClInclude Include="ResourceCompiledRef.h">
      <Filter>Header Files</Filter>
    </ClInclude>
    <ClInclude Include="QDManager.h">
      <Filter>Header Files</Filter>
    </ClInclude>
    <ClInclude Include="QDGraf.h">
      <Filter>Header Files</Filter>
    </ClInclude>
    <ClInclude Include="QDPixMap.h">
      <Filter>Header Files</Filter>
    </ClInclude>
    <ClInclude Include="SharedTypes.h">
      <Filter>Header Files</Filter>
    </ClInclude>
    <ClInclude Include="QDPictOpcodes.h">
      <Filter>Header Files</Filter>
    </ClInclude>
    <ClInclude Include="QDPictOpcodeDefs.h">
      <Filter>Header Files</Filter>
    </ClInclude>
    <ClInclude Include="QDPictHeader.h">
      <Filter>Header Files</Filter>
    </ClInclude>
    <ClInclude Include="QDRegion.h">
      <Filter>Header Files</Filter>
    </ClInclude>
    <ClInclude Include="QDState.h">
      <Filter>Header Files</Filter>
    </ClInclude>
    <ClInclude Include="ResourceCompiledTypeList.h">
      <Filter>Header Files</Filter>
    </ClInclude>
    <ClInclude Include="Vec2i.h">
      <Filter>Header Files</Filter>
    </ClInclude>
    <ClInclude Include="QDPictEmitContext.h">
      <Filter>Header Files</Filter>
    </ClInclude>
    <ClInclude Include="RGBAColor.h">
      <Filter>Header Files</Filter>
    </ClInclude>
    <ClInclude Include="QDPictDecoder.h">
      <Filter>Header Files</Filter>
    </ClInclude>
    <ClInclude Include="QDPictEmitScanlineParameters.h">
      <Filter>Header Files</Filter>
    </ClInclude>
    <ClInclude Include="PixelFormat.h">
      <Filter>Header Files</Filter>
    </ClInclude>
    <ClInclude Include="Rect2i.h">
      <Filter>Header Files</Filter>
    </ClInclude>
    <ClInclude Include="QDStandardPalette.h">
      <Filter>Header Files</Filter>
    </ClInclude>
    <ClInclude Include="WindowDef.h">
      <Filter>Header Files</Filter>
    </ClInclude>
    <ClInclude Include="WindowManager.h">
      <Filter>Header Files</Filter>
    </ClInclude>
    <ClInclude Include="QDUtils.h">
      <Filter>Header Files</Filter>
    </ClInclude>
    <ClInclude Include="QDPort.h">
      <Filter>Header Files</Filter>
    </ClInclude>
    <ClInclude Include="HostAudioDriver.h">
      <Filter>Header Files</Filter>
    </ClInclude>
    <ClInclude Include="ClientAudioChannelContext.h">
      <Filter>Header Files</Filter>
    </ClInclude>
    <ClInclude Include="HostMutex.h">
      <Filter>Header Files</Filter>
    </ClInclude>
    <ClInclude Include="HostAudioChannel.h">
      <Filter>Header Files</Filter>
    </ClInclude>
    <ClInclude Include="HostThreadEvent.h">
      <Filter>Header Files</Filter>
    </ClInclude>
  </ItemGroup>
  <ItemGroup>
    <ClCompile Include="CFileStream.cpp">
      <Filter>Source Files</Filter>
    </ClCompile>
    <ClCompile Include="XModemCRC.cpp">
      <Filter>Source Files</Filter>
    </ClCompile>
    <ClCompile Include="BinHex4.cpp">
      <Filter>Source Files</Filter>
    </ClCompile>
    <ClCompile Include="MacFileMem.cpp">
      <Filter>Source Files</Filter>
    </ClCompile>
    <ClCompile Include="MacBinary2.cpp">
      <Filter>Source Files</Filter>
    </ClCompile>
    <ClCompile Include="PLCore.cpp">
      <Filter>Source Files</Filter>
    </ClCompile>
    <ClCompile Include="PLApplication.cpp">
      <Filter>Source Files</Filter>
    </ClCompile>
    <ClCompile Include="PLMovies.cpp">
      <Filter>Source Files</Filter>
    </ClCompile>
    <ClCompile Include="PLResources.cpp">
      <Filter>Source Files</Filter>
    </ClCompile>
    <ClCompile Include="PLQuickdraw.cpp">
      <Filter>Source Files</Filter>
    </ClCompile>
    <ClCompile Include="PLSound.cpp">
      <Filter>Source Files</Filter>
    </ClCompile>
    <ClCompile Include="PLQDOffscreen.cpp">
      <Filter>Source Files</Filter>
    </ClCompile>
    <ClCompile Include="PLAppleEvents.cpp">
      <Filter>Source Files</Filter>
    </ClCompile>
    <ClCompile Include="PLAliases.cpp">
      <Filter>Source Files</Filter>
    </ClCompile>
    <ClCompile Include="PLStringCompare.cpp">
      <Filter>Source Files</Filter>
    </ClCompile>
    <ClCompile Include="PLMenus.cpp">
      <Filter>Source Files</Filter>
    </ClCompile>
    <ClCompile Include="PLDialogs.cpp">
      <Filter>Source Files</Filter>
    </ClCompile>
    <ClCompile Include="PLNavigation.cpp">
      <Filter>Source Files</Filter>
    </ClCompile>
    <ClCompile Include="PLNumberFormatting.cpp">
      <Filter>Source Files</Filter>
    </ClCompile>
    <ClCompile Include="PLControlDefinitions.cpp">
      <Filter>Source Files</Filter>
    </ClCompile>
    <ClCompile Include="PLResourceManager.cpp">
      <Filter>Source Files</Filter>
    </ClCompile>
    <ClCompile Include="MemReaderStream.cpp">
      <Filter>Source Files</Filter>
    </ClCompile>
    <ClCompile Include="HostFileSystem.cpp">
      <Filter>Source Files</Filter>
    </ClCompile>
    <ClCompile Include="ResourceFile.cpp">
      <Filter>Source Files</Filter>
    </ClCompile>
    <ClCompile Include="MemoryManager.cpp">
      <Filter>Source Files</Filter>
    </ClCompile>
    <ClCompile Include="MMBlock.cpp">
      <Filter>Source Files</Filter>
    </ClCompile>
    <ClCompile Include="MMHandleBlock.cpp">
      <Filter>Source Files</Filter>
    </ClCompile>
    <ClCompile Include="DisplayDeviceManager.cpp">
      <Filter>Source Files</Filter>
    </ClCompile>
    <ClCompile Include="HostDisplayDriver.cpp">
      <Filter>Source Files</Filter>
    </ClCompile>
    <ClCompile Include="AEManager.cpp">
      <Filter>Source Files</Filter>
    </ClCompile>
    <ClCompile Include="ByteSwap.cpp">
      <Filter>Source Files</Filter>
    </ClCompile>
    <ClCompile Include="FileManager.cpp">
      <Filter>Source Files</Filter>
    </ClCompile>
    <ClCompile Include="MacFileInfo.cpp">
      <Filter>Source Files</Filter>
    </ClCompile>
    <ClCompile Include="RandomNumberGenerator.cpp">
      <Filter>Source Files</Filter>
    </ClCompile>
    <ClCompile Include="HostSystemServices.cpp">
      <Filter>Source Files</Filter>
    </ClCompile>
    <ClCompile Include="HostSuspendHook.cpp">
      <Filter>Source Files</Filter>
    </ClCompile>
    <ClCompile Include="ResourceCompiledRef.cpp">
      <Filter>Source Files</Filter>
    </ClCompile>
    <ClCompile Include="QDManager.cpp">
      <Filter>Source Files</Filter>
    </ClCompile>
    <ClCompile Include="QDGraf.cpp">
      <Filter>Source Files</Filter>
    </ClCompile>
    <ClCompile Include="QDPixMap.cpp">
      <Filter>Source Files</Filter>
    </ClCompile>
    <ClCompile Include="QDPictHeader.cpp">
      <Filter>Source Files</Filter>
    </ClCompile>
    <ClCompile Include="QDState.cpp">
      <Filter>Source Files</Filter>
    </ClCompile>
    <ClCompile Include="QDPictDecoder.cpp">
      <Filter>Source Files</Filter>
    </ClCompile>
    <ClCompile Include="QDStandardPalette.cpp">
      <Filter>Source Files</Filter>
    </ClCompile>
    <ClCompile Include="QDPictEmitContext.cpp">
      <Filter>Source Files</Filter>
    </ClCompile>
    <ClCompile Include="WindowDef.cpp">
      <Filter>Source Files</Filter>
    </ClCompile>
    <ClCompile Include="WindowManager.cpp">
      <Filter>Source Files</Filter>
    </ClCompile>
    <ClCompile Include="QDUtils.cpp">
      <Filter>Source Files</Filter>
    </ClCompile>
    <ClCompile Include="QDPort.cpp">
      <Filter>Source Files</Filter>
    </ClCompile>
    <ClCompile Include="HostAudioDriver.cpp">
      <Filter>Source Files</Filter>
    </ClCompile>
  </ItemGroup>
</Project>