<?xml version="1.0" encoding="utf-8"?>
<Project ToolsVersion="4.0" xmlns="http://schemas.microsoft.com/developer/msbuild/2003">
  <ItemGroup>
    <Filter Include="Source Files">
      <UniqueIdentifier>{4FC737F1-C7A5-4376-A066-2A32D752A2FF}</UniqueIdentifier>
      <Extensions>cpp;c;cc;cxx;def;odl;idl;hpj;bat;asm;asmx</Extensions>
    </Filter>
    <Filter Include="Header Files">
      <UniqueIdentifier>{93995380-89BD-4b04-88EB-625FBE52EBFB}</UniqueIdentifier>
      <Extensions>h;hh;hpp;hxx;hm;inl;inc;ipp;xsd</Extensions>
    </Filter>
    <Filter Include="Resource Files">
      <UniqueIdentifier>{67DA6AB6-F800-4c08-8B7A-83BB121AAD01}</UniqueIdentifier>
      <Extensions>rc;ico;cur;bmp;dlg;rc2;rct;bin;rgs;gif;jpg;jpeg;jpe;resx;tiff;tif;png;wav;mfcribbon-ms</Extensions>
    </Filter>
  </ItemGroup>
  <ItemGroup>
    <ClCompile Include="BWT.cpp">
      <Filter>Source Files</Filter>
    </ClCompile>
    <ClCompile Include="CRC.cpp">
      <Filter>Source Files</Filter>
    </ClCompile>
    <ClCompile Include="CSInputBuffer.cpp">
      <Filter>Source Files</Filter>
    </ClCompile>
    <ClCompile Include="StuffItArsenicDecompressor.cpp">
      <Filter>Source Files</Filter>
    </ClCompile>
    <ClCompile Include="StuffIt5Parser.cpp">
      <Filter>Source Files</Filter>
    </ClCompile>
    <ClCompile Include="unpacktool.cpp">
      <Filter>Source Files</Filter>
    </ClCompile>
    <ClCompile Include="ArchiveDescription.cpp">
      <Filter>Source Files</Filter>
    </ClCompile>
    <ClCompile Include="StuffItParser.cpp">
      <Filter>Source Files</Filter>
    </ClCompile>
    <ClCompile Include="StuffItCommon.cpp">
      <Filter>Source Files</Filter>
    </ClCompile>
    <ClCompile Include="NullDecompressor.cpp">
      <Filter>Source Files</Filter>
    </ClCompile>
    <ClCompile Include="RLE90Decompressor.cpp">
      <Filter>Source Files</Filter>
    </ClCompile>
    <ClCompile Include="LZWDecompressor.cpp">
      <Filter>Source Files</Filter>
    </ClCompile>
    <ClCompile Include="LZW.cpp">
      <Filter>Source Files</Filter>
    </ClCompile>
    <ClCompile Include="StuffItHuffmanDecompressor.cpp">
      <Filter>Source Files</Filter>
    </ClCompile>
    <ClCompile Include="PrefixCode.cpp">
      <Filter>Source Files</Filter>
    </ClCompile>
    <ClCompile Include="StuffIt13Decompressor.cpp">
      <Filter>Source Files</Filter>
    </ClCompile>
    <ClCompile Include="LZSSDecompressor.cpp">
      <Filter>Source Files</Filter>
    </ClCompile>
    <ClCompile Include="CompactProParser.cpp">
      <Filter>Source Files</Filter>
    </ClCompile>
    <ClCompile Include="StringCommon.cpp">
      <Filter>Source Files</Filter>
    </ClCompile>
    <ClCompile Include="CompactProRLEDecompressor.cpp">
      <Filter>Source Files</Filter>
    </ClCompile>
    <ClCompile Include="DecompressorProxyReader.cpp">
      <Filter>Source Files</Filter>
    </ClCompile>
    <ClCompile Include="CompactProLZHRLEDecompressor.cpp">
      <Filter>Source Files</Filter>
    </ClCompile>
    <ClCompile Include="CompactProLZHDecompressor.cpp">
      <Filter>Source Files</Filter>
    </ClCompile>
  </ItemGroup>
  <ItemGroup>
    <ClInclude Include="StuffItParser.h">
      <Filter>Header Files</Filter>
    </ClInclude>
    <ClInclude Include="ArchiveDescription.h">
      <Filter>Header Files</Filter>
    </ClInclude>
    <ClInclude Include="BWT.h">
      <Filter>Header Files</Filter>
    </ClInclude>
    <ClInclude Include="CRC.h">
      <Filter>Header Files</Filter>
    </ClInclude>
    <ClInclude Include="CSInputBuffer.h">
      <Filter>Header Files</Filter>
    </ClInclude>
    <ClInclude Include="IArchiveParser.h">
      <Filter>Header Files</Filter>
    </ClInclude>
    <ClInclude Include="IDecompressor.h">
      <Filter>Header Files</Filter>
    </ClInclude>
    <ClInclude Include="IFileReader.h">
      <Filter>Header Files</Filter>
    </ClInclude>
    <ClInclude Include="StuffIt5Parser.h">
      <Filter>Header Files</Filter>
    </ClInclude>
    <ClInclude Include="StuffItArsenicDecompressor.h">
      <Filter>Header Files</Filter>
    </ClInclude>
    <ClInclude Include="UPByteSwap.h">
      <Filter>Header Files</Filter>
    </ClInclude>
    <ClInclude Include="StuffItCommon.h">
      <Filter>Header Files</Filter>
    </ClInclude>
    <ClInclude Include="NullDecompressor.h">
      <Filter>Header Files</Filter>
    </ClInclude>
    <ClInclude Include="RLE90Decompressor.h">
      <Filter>Header Files</Filter>
    </ClInclude>
    <ClInclude Include="LZWDecompressor.h">
      <Filter>Header Files</Filter>
    </ClInclude>
    <ClInclude Include="LZW.h">
      <Filter>Header Files</Filter>
    </ClInclude>
    <ClInclude Include="StuffItHuffmanDecompressor.h">
      <Filter>Header Files</Filter>
    </ClInclude>
    <ClInclude Include="PrefixCode.h">
      <Filter>Header Files</Filter>
    </ClInclude>
    <ClInclude Include="StuffIt13Decompressor.h">
      <Filter>Header Files</Filter>
    </ClInclude>
    <ClInclude Include="LZSSDecompressor.h">
      <Filter>Header Files</Filter>
    </ClInclude>
    <ClInclude Include="CompactProParser.h">
      <Filter>Header Files</Filter>
    </ClInclude>
    <ClInclude Include="StringCommon.h">
      <Filter>Header Files</Filter>
    </ClInclude>
    <ClInclude Include="CompactProRLEDecompressor.h">
      <Filter>Header Files</Filter>
    </ClInclude>
    <ClInclude Include="DecompressorProxyReader.h">
      <Filter>Header Files</Filter>
    </ClInclude>
    <ClInclude Include="CompactProLZHRLEDecompressor.h">
      <Filter>Header Files</Filter>
    </ClInclude>
    <ClInclude Include="CompactProLZHDecompressor.h">
      <Filter>Header Files</Filter>
    </ClInclude>
  </ItemGroup>
</Project>