<?xml version="1.0" encoding="utf-8"?>
<Project ToolsVersion="4.0" xmlns="http://schemas.microsoft.com/developer/msbuild/2003">
  <ItemGroup>
    <Filter Include="Source Files">
      <UniqueIdentifier>{4FC737F1-C7A5-4376-A066-2A32D752A2FF}</UniqueIdentifier>
      <Extensions>cpp;c;cc;cxx;def;odl;idl;hpj;bat;asm;asmx</Extensions>
    </Filter>
    <Filter Include="Header Files">
      <UniqueIdentifier>{93995380-89BD-4b04-88EB-625FBE52EBFB}</UniqueIdentifier>
      <Extensions>h;hh;hpp;hxx;hm;inl;inc;ipp;xsd</Extensions>
    </Filter>
    <Filter Include="Resource Files">
      <UniqueIdentifier>{67DA6AB6-F800-4c08-8B7A-83BB121AAD01}</UniqueIdentifier>
      <Extensions>rc;ico;cur;bmp;dlg;rc2;rct;bin;rgs;gif;jpg;jpeg;jpe;resx;tiff;tif;png;wav;mfcribbon-ms</Extensions>
    </Filter>
    <Filter Include="Source Files\CompiledShaders">
      <UniqueIdentifier>{05b8d8ff-66e2-4d10-83a1-29582f2ae9f1}</UniqueIdentifier>
    </Filter>
  </ItemGroup>
  <ItemGroup>
    <ClCompile Include="GpDisplayDriverD3D11.cpp">
      <Filter>Source Files</Filter>
    </ClCompile>
    <ClCompile Include="GpDisplayDriverFactoryD3D11.cpp">
      <Filter>Source Files</Filter>
    </ClCompile>
    <ClCompile Include="GpDisplayDriverSurfaceD3D11.cpp">
      <Filter>Source Files</Filter>
    </ClCompile>
    <ClCompile Include="CompiledShaders\DrawQuad15BitP_D3D11.cpp">
      <Filter>Source Files\CompiledShaders</Filter>
    </ClCompile>
    <ClCompile Include="CompiledShaders\DrawQuadPaletteP_D3D11.cpp">
      <Filter>Source Files\CompiledShaders</Filter>
    </ClCompile>
    <ClCompile Include="CompiledShaders\DrawQuadRGBP_D3D11.cpp">
      <Filter>Source Files\CompiledShaders</Filter>
    </ClCompile>
    <ClCompile Include="CompiledShaders\DrawQuadV_D3D11.cpp">
      <Filter>Source Files\CompiledShaders</Filter>
    </ClCompile>
    <ClCompile Include="CompiledShaders\ScaleQuadP_D3D11.cpp">
      <Filter>Source Files\CompiledShaders</Filter>
    </ClCompile>
  </ItemGroup>
  <ItemGroup>
    <ClInclude Include="GpDisplayDriverD3D11.h">
      <Filter>Header Files</Filter>
    </ClInclude>
    <ClInclude Include="GpDisplayDriverFactoryD3D11.h">
      <Filter>Header Files</Filter>
    </ClInclude>
    <ClInclude Include="GpDisplayDriverSurfaceD3D11.h">
      <Filter>Header Files</Filter>
    </ClInclude>
  </ItemGroup>
</Project>