<?xml version="1.0" encoding="utf-8"?>
<Project ToolsVersion="15.0" xmlns="http://schemas.microsoft.com/developer/msbuild/2003">
  <ItemGroup>
    <ClCompile Include="GpColorCursor_Win32.cpp">
      <Filter>Source Files</Filter>
    </ClCompile>
    <ClCompile Include="GpFiber_Win32.cpp">
      <Filter>Source Files</Filter>
    </ClCompile>
    <ClCompile Include="GpFiberStarter_Win32.cpp">
      <Filter>Source Files</Filter>
    </ClCompile>
    <ClCompile Include="GpFileStream_Win32.cpp">
      <Filter>Source Files</Filter>
    </ClCompile>
    <ClCompile Include="GpFileSystem_Win32.cpp">
      <Filter>Source Files</Filter>
    </ClCompile>
    <ClCompile Include="GpMain_Win32.cpp">
      <Filter>Source Files</Filter>
    </ClCompile>
    <ClCompile Include="GpMutex_Win32.cpp">
      <Filter>Source Files</Filter>
    </ClCompile>
    <ClCompile Include="GpSystemServices_Win32.cpp">
      <Filter>Source Files</Filter>
    </ClCompile>
    <ClCompile Include="GpThreadEvent_Win32.cpp">
      <Filter>Source Files</Filter>
    </ClCompile>
    <ClCompile Include="GpLogDriver_Win32.cpp">
      <Filter>Source Files</Filter>
    </ClCompile>
  </ItemGroup>
  <ItemGroup>
    <ClInclude Include="..\GpCommon\EGpInputDriverType.h">
      <Filter>Header Files</Filter>
    </ClInclude>
    <ClInclude Include="..\GpCommon\EGpStandardCursor.h">
      <Filter>Header Files</Filter>
    </ClInclude>
    <ClInclude Include="..\GpCommon\GpApplicationName.h">
      <Filter>Header Files</Filter>
    </ClInclude>
    <ClInclude Include="..\GpCommon\GpDisplayDriverTickStatus.h">
      <Filter>Header Files</Filter>
    </ClInclude>
    <ClInclude Include="GpFiber_Win32.h">
      <Filter>Header Files</Filter>
    </ClInclude>
    <ClInclude Include="..\GpCommon\GpFileCreationDisposition.h">
      <Filter>Header Files</Filter>
    </ClInclude>
    <ClInclude Include="GpFileStream_Win32.h">
      <Filter>Header Files</Filter>
    </ClInclude>
    <ClInclude Include="GpFileSystem_Win32.h">
      <Filter>Header Files</Filter>
    </ClInclude>
    <ClInclude Include="GpFontHandler_FreeType2.h">
      <Filter>Header Files</Filter>
    </ClInclude>
    <ClInclude Include="..\GpCommon\GpInputDriverProperties.h">
      <Filter>Header Files</Filter>
    </ClInclude>
    <ClInclude Include="GpMutex_Win32.h">
      <Filter>Header Files</Filter>
    </ClInclude>
    <ClInclude Include="GpSystemServices_Win32.h">
      <Filter>Header Files</Filter>
    </ClInclude>
    <ClInclude Include="GpThreadEvent_Win32.h">
      <Filter>Header Files</Filter>
    </ClInclude>
    <ClInclude Include="..\GpCommon\IGpAudioChannelCallbacks.h">
      <Filter>Header Files</Filter>
    </ClInclude>
    <ClInclude Include="..\GpCommon\IGpCursor.h">
      <Filter>Header Files</Filter>
    </ClInclude>
    <ClInclude Include="..\GpCommon\IGpDisplayDriverSurface.h">
      <Filter>Header Files</Filter>
    </ClInclude>
    <ClInclude Include="resource.h">
      <Filter>Resource Files</Filter>
    </ClInclude>
    <ClInclude Include="..\GpCommon\IGpLogDriver.h">
      <Filter>Header Files</Filter>
    </ClInclude>
    <ClInclude Include="GpLogDriver_Win32.h">
      <Filter>Header Files</Filter>
    </ClInclude>
    <ClInclude Include="..\GpCommon\IGpPrefsHandler.h">
      <Filter>Header Files</Filter>
    </ClInclude>
    <ClInclude Include="..\GpCommon\GpBuildVersion.h">
      <Filter>Header Files</Filter>
    </ClInclude>
  </ItemGroup>
  <ItemGroup>
    <Image Include="ConvertedResources\Large128.ico">
      <Filter>Resource Files</Filter>
    </Image>
    <Image Include="ConvertedResources\Small128.ico">
      <Filter>Resource Files</Filter>
    </Image>
  </ItemGroup>
  <ItemGroup>
    <Filter Include="Source Files">
      <UniqueIdentifier>{0db467fa-83af-4c89-b36b-2478899f4f9e}</UniqueIdentifier>
    </Filter>
    <Filter Include="Header Files">
      <UniqueIdentifier>{bdb8c57b-c9f7-443a-be30-89718b8ca3e5}</UniqueIdentifier>
    </Filter>
    <Filter Include="Resource Files">
      <UniqueIdentifier>{8ed8ebed-2aea-4f6d-8f2f-c18a64eb6e20}</UniqueIdentifier>
    </Filter>
  </ItemGroup>
  <ItemGroup>
    <ResourceCompile Include="Aerofoil.rc">
      <Filter>Resource Files</Filter>
    </ResourceCompile>
  </ItemGroup>
</Project>